
Microsoft Visual Studio Solution File, Format Version 12.00
# Visual Studio 15
VisualStudioVersion = 15.0.28307.421
MinimumVisualStudioVersion = 10.0.40219.1
Project("{FAE04EC0-301F-11D3-BF4B-00C04F79EFBC}") = "Watermark", "Watermark.csproj", "{A72415BC-95AB-48F2-9234-B45456BE55C8}"
EndProject
Global
	GlobalSection(SolutionConfigurationPlatforms) = preSolution
		Debug|Any CPU = Debug|Any CPU
		Release|Any CPU = Release|Any CPU
	EndGlobalSection
	GlobalSection(ProjectConfigurationPlatforms) = postSolution
		{A72415BC-95AB-48F2-9234-B45456BE55C8}.Debug|Any CPU.ActiveCfg = Debug|Any CPU
		{A72415BC-95AB-48F2-9234-B45456BE55C8}.Debug|Any CPU.Build.0 = Debug|Any CPU
		{A72415BC-95AB-48F2-9234-B45456BE55C8}.Release|Any CPU.ActiveCfg = Release|Any CPU
		{A72415BC-95AB-48F2-9234-B45456BE55C8}.Release|Any CPU.Build.0 = Release|Any CPU
	EndGlobalSection
	GlobalSection(SolutionProperties) = preSolution
		HideSolutionNode = FALSE
	EndGlobalSection
	GlobalSection(ExtensibilityGlobals) = postSolution
		SolutionGuid = {0EAECBF5-F583-4C01-B791-CD291F197B44}
	EndGlobalSection
EndGlobal
